
Microsoft Visual Studio Solution File, Format Version 12.00
# Visual Studio Version 16
VisualStudioVersion = 16.0.28729.10
MinimumVisualStudioVersion = 10.0.40219.1
Project("{8BC9CEB8-8B4A-11D0-8D11-00A0C91BC942}") = "Lab_01", "Lab_01\Lab_01.vcxproj", "{D0BB379B-0D42-41C1-8239-7E25BB553CC4}"
EndProject
Project("{8BC9CEB8-8B4A-11D0-8D11-00A0C91BC942}") = "Lab_02", "Lab_02\Lab_02.vcxproj", "{F1FEA8F8-9169-485E-9E26-697145912B9D}"
EndProject
Project("{8BC9CEB8-8B4A-11D0-8D11-00A0C91BC942}") = "Lab_02(b)", "Lab_02(b)\Lab_02(b).vcxproj", "{0B4F8E68-E2CD-4E90-A613-B1A295440465}"
EndProject
Project("{8BC9CEB8-8B4A-11D0-8D11-00A0C91BC942}") = "Lab_03", "Lab_03\Lab_03.vcxproj", "{F7EB8F7E-ABA2-417C-A030-8CFFF611B409}"
EndProject
Project("{8BC9CEB8-8B4A-11D0-8D11-00A0C91BC942}") = "Lab_03(b)", "Lab_03(b)\Lab_03(b).vcxproj", "{9809BF00-6F9D-404A-9CC6-D15E14FC9B0C}"
EndProject
Project("{8BC9CEB8-8B4A-11D0-8D11-00A0C91BC942}") = "Lab_03(c)", "Lab_03(c)\Lab_03(c).vcxproj", "{3A61E6BD-3CED-48AA-9087-F566F148F24E}"
EndProject
Project("{8BC9CEB8-8B4A-11D0-8D11-00A0C91BC942}") = "Lab_04", "Lab_04\Lab_04.vcxproj", "{B140E4C2-B7E0-4A89-B886-C572584FC296}"
EndProject
Project("{8BC9CEB8-8B4A-11D0-8D11-00A0C91BC942}") = "Lab_05", "Lab_05\Lab_05.vcxproj", "{EAF05353-4D1F-4B35-8099-3D591AA653CE}"
EndProject
Global
	GlobalSection(SolutionConfigurationPlatforms) = preSolution
		Debug|x64 = Debug|x64
		Debug|x86 = Debug|x86
		Release|x64 = Release|x64
		Release|x86 = Release|x86
	EndGlobalSection
	GlobalSection(ProjectConfigurationPlatforms) = postSolution
		{D0BB379B-0D42-41C1-8239-7E25BB553CC4}.Debug|x64.ActiveCfg = Debug|x64
		{D0BB379B-0D42-41C1-8239-7E25BB553CC4}.Debug|x64.Build.0 = Debug|x64
		{D0BB379B-0D42-41C1-8239-7E25BB553CC4}.Debug|x86.ActiveCfg = Debug|Win32
		{D0BB379B-0D42-41C1-8239-7E25BB553CC4}.Debug|x86.Build.0 = Debug|Win32
		{D0BB379B-0D42-41C1-8239-7E25BB553CC4}.Release|x64.ActiveCfg = Release|x64
		{D0BB379B-0D42-41C1-8239-7E25BB553CC4}.Release|x64.Build.0 = Release|x64
		{D0BB379B-0D42-41C1-8239-7E25BB553CC4}.Release|x86.ActiveCfg = Release|Win32
		{D0BB379B-0D42-41C1-8239-7E25BB553CC4}.Release|x86.Build.0 = Release|Win32
		{F1FEA8F8-9169-485E-9E26-697145912B9D}.Debug|x64.ActiveCfg = Debug|x64
		{F1FEA8F8-9169-485E-9E26-697145912B9D}.Debug|x64.Build.0 = Debug|x64
		{F1FEA8F8-9169-485E-9E26-697145912B9D}.Debug|x86.ActiveCfg = Debug|Win32
		{F1FEA8F8-9169-485E-9E26-697145912B9D}.Debug|x86.Build.0 = Debug|Win32
		{F1FEA8F8-9169-485E-9E26-697145912B9D}.Release|x64.ActiveCfg = Release|x64
		{F1FEA8F8-9169-485E-9E26-697145912B9D}.Release|x64.Build.0 = Release|x64
		{F1FEA8F8-9169-485E-9E26-697145912B9D}.Release|x86.ActiveCfg = Release|Win32
		{F1FEA8F8-9169-485E-9E26-697145912B9D}.Release|x86.Build.0 = Release|Win32
		{0B4F8E68-E2CD-4E90-A613-B1A295440465}.Debug|x64.ActiveCfg = Debug|x64
		{0B4F8E68-E2CD-4E90-A613-B1A295440465}.Debug|x64.Build.0 = Debug|x64
		{0B4F8E68-E2CD-4E90-A613-B1A295440465}.Debug|x86.ActiveCfg = Debug|Win32
		{0B4F8E68-E2CD-4E90-A613-B1A295440465}.Debug|x86.Build.0 = Debug|Win32
		{0B4F8E68-E2CD-4E90-A613-B1A295440465}.Release|x64.ActiveCfg = Release|x64
		{0B4F8E68-E2CD-4E90-A613-B1A295440465}.Release|x64.Build.0 = Release|x64
		{0B4F8E68-E2CD-4E90-A613-B1A295440465}.Release|x86.ActiveCfg = Release|Win32
		{0B4F8E68-E2CD-4E90-A613-B1A295440465}.Release|x86.Build.0 = Release|Win32
		{F7EB8F7E-ABA2-417C-A030-8CFFF611B409}.Debug|x64.ActiveCfg = Debug|x64
		{F7EB8F7E-ABA2-417C-A030-8CFFF611B409}.Debug|x64.Build.0 = Debug|x64
		{F7EB8F7E-ABA2-417C-A030-8CFFF611B409}.Debug|x86.ActiveCfg = Debug|Win32
		{F7EB8F7E-ABA2-417C-A030-8CFFF611B409}.Debug|x86.Build.0 = Debug|Win32
		{F7EB8F7E-ABA2-417C-A030-8CFFF611B409}.Release|x64.ActiveCfg = Release|x64
		{F7EB8F7E-ABA2-417C-A030-8CFFF611B409}.Release|x64.Build.0 = Release|x64
		{F7EB8F7E-ABA2-417C-A030-8CFFF611B409}.Release|x86.ActiveCfg = Release|Win32
		{F7EB8F7E-ABA2-417C-A030-8CFFF611B409}.Release|x86.Build.0 = Release|Win32
		{9809BF00-6F9D-404A-9CC6-D15E14FC9B0C}.Debug|x64.ActiveCfg = Debug|x64
		{9809BF00-6F9D-404A-9CC6-D15E14FC9B0C}.Debug|x64.Build.0 = Debug|x64
		{9809BF00-6F9D-404A-9CC6-D15E14FC9B0C}.Debug|x86.ActiveCfg = Debug|Win32
		{9809BF00-6F9D-404A-9CC6-D15E14FC9B0C}.Debug|x86.Build.0 = Debug|Win32
		{9809BF00-6F9D-404A-9CC6-D15E14FC9B0C}.Release|x64.ActiveCfg = Release|x64
		{9809BF00-6F9D-404A-9CC6-D15E14FC9B0C}.Release|x64.Build.0 = Release|x64
		{9809BF00-6F9D-404A-9CC6-D15E14FC9B0C}.Release|x86.ActiveCfg = Release|Win32
		{9809BF00-6F9D-404A-9CC6-D15E14FC9B0C}.Release|x86.Build.0 = Release|Win32
		{3A61E6BD-3CED-48AA-9087-F566F148F24E}.Debug|x64.ActiveCfg = Debug|x64
		{3A61E6BD-3CED-48AA-9087-F566F148F24E}.Debug|x64.Build.0 = Debug|x64
		{3A61E6BD-3CED-48AA-9087-F566F148F24E}.Debug|x86.ActiveCfg = Debug|Win32
		{3A61E6BD-3CED-48AA-9087-F566F148F24E}.Debug|x86.Build.0 = Debug|Win32
		{3A61E6BD-3CED-48AA-9087-F566F148F24E}.Release|x64.ActiveCfg = Release|x64
		{3A61E6BD-3CED-48AA-9087-F566F148F24E}.Release|x64.Build.0 = Release|x64
		{3A61E6BD-3CED-48AA-9087-F566F148F24E}.Release|x86.ActiveCfg = Release|Win32
		{3A61E6BD-3CED-48AA-9087-F566F148F24E}.Release|x86.Build.0 = Release|Win32
		{B140E4C2-B7E0-4A89-B886-C572584FC296}.Debug|x64.ActiveCfg = Debug|x64
		{B140E4C2-B7E0-4A89-B886-C572584FC296}.Debug|x64.Build.0 = Debug|x64
		{B140E4C2-B7E0-4A89-B886-C572584FC296}.Debug|x86.ActiveCfg = Debug|Win32
		{B140E4C2-B7E0-4A89-B886-C572584FC296}.Debug|x86.Build.0 = Debug|Win32
		{B140E4C2-B7E0-4A89-B886-C572584FC296}.Release|x64.ActiveCfg = Release|x64
		{B140E4C2-B7E0-4A89-B886-C572584FC296}.Release|x64.Build.0 = Release|x64
		{B140E4C2-B7E0-4A89-B886-C572584FC296}.Release|x86.ActiveCfg = Release|Win32
		{B140E4C2-B7E0-4A89-B886-C572584FC296}.Release|x86.Build.0 = Release|Win32
		{EAF05353-4D1F-4B35-8099-3D591AA653CE}.Debug|x64.ActiveCfg = Debug|x64
		{EAF05353-4D1F-4B35-8099-3D591AA653CE}.Debug|x64.Build.0 = Debug|x64
		{EAF05353-4D1F-4B35-8099-3D591AA653CE}.Debug|x86.ActiveCfg = Debug|Win32
		{EAF05353-4D1F-4B35-8099-3D591AA653CE}.Debug|x86.Build.0 = Debug|Win32
		{EAF05353-4D1F-4B35-8099-3D591AA653CE}.Release|x64.ActiveCfg = Release|x64
		{EAF05353-4D1F-4B35-8099-3D591AA653CE}.Release|x64.Build.0 = Release|x64
		{EAF05353-4D1F-4B35-8099-3D591AA653CE}.Release|x86.ActiveCfg = Release|Win32
		{EAF05353-4D1F-4B35-8099-3D591AA653CE}.Release|x86.Build.0 = Release|Win32
	EndGlobalSection
	GlobalSection(SolutionProperties) = preSolution
		HideSolutionNode = FALSE
	EndGlobalSection
	GlobalSection(ExtensibilityGlobals) = postSolution
		SolutionGuid = {76E31003-BEB4-4748-B00A-773BB8FD7C0A}
	EndGlobalSection
EndGlobal
